
Microsoft Visual Studio Solution File, Format Version 12.00
# Visual Studio Version 17
VisualStudioVersion = 17.14.36518.9 d17.14
MinimumVisualStudioVersion = 10.0.40219.1
Project("{FAE04EC0-301F-11D3-BF4B-00C04F79EFBC}") = "BookAppoinmentAPI", "BookAppoinmentAPI\BookAppoinmentAPI.csproj", "{1BCF54BA-8B8D-4C1D-937D-989F40D1B5D1}"
EndProject
Global
	GlobalSection(SolutionConfigurationPlatforms) = preSolution
		Debug|Any CPU = Debug|Any CPU
		Release|Any CPU = Release|Any CPU
	EndGlobalSection
	GlobalSection(ProjectConfigurationPlatforms) = postSolution
		{1BCF54BA-8B8D-4C1D-937D-989F40D1B5D1}.Debug|Any CPU.ActiveCfg = Debug|Any CPU
		{1BCF54BA-8B8D-4C1D-937D-989F40D1B5D1}.Debug|Any CPU.Build.0 = Debug|Any CPU
		{1BCF54BA-8B8D-4C1D-937D-989F40D1B5D1}.Release|Any CPU.ActiveCfg = Release|Any CPU
		{1BCF54BA-8B8D-4C1D-937D-989F40D1B5D1}.Release|Any CPU.Build.0 = Release|Any CPU
	EndGlobalSection
	GlobalSection(SolutionProperties) = preSolution
		HideSolutionNode = FALSE
	EndGlobalSection
	GlobalSection(ExtensibilityGlobals) = postSolution
		SolutionGuid = {2F311290-14A1-4969-A939-676FF485CEE9}
	EndGlobalSection
EndGlobal
